
Microsoft Visual Studio Solution File, Format Version 12.00
# Visual Studio Version 17
VisualStudioVersion = 17.14.36310.24 d17.14
MinimumVisualStudioVersion = 10.0.40219.1
Project("{8BC9CEB8-8B4A-11D0-8D11-00A0C91BC942}") = "c032", "c032.vcxproj", "{5CE276F1-BD0B-4C86-BF0A-3AD42E489F92}"
EndProject
Global
	GlobalSection(SolutionConfigurationPlatforms) = preSolution
		Debug|x64 = Debug|x64
		Debug|x86 = Debug|x86
		Release|x64 = Release|x64
		Release|x86 = Release|x86
	EndGlobalSection
	GlobalSection(ProjectConfigurationPlatforms) = postSolution
		{5CE276F1-BD0B-4C86-BF0A-3AD42E489F92}.Debug|x64.ActiveCfg = Debug|x64
		{5CE276F1-BD0B-4C86-BF0A-3AD42E489F92}.Debug|x64.Build.0 = Debug|x64
		{5CE276F1-BD0B-4C86-BF0A-3AD42E489F92}.Debug|x86.ActiveCfg = Debug|Win32
		{5CE276F1-BD0B-4C86-BF0A-3AD42E489F92}.Debug|x86.Build.0 = Debug|Win32
		{5CE276F1-BD0B-4C86-BF0A-3AD42E489F92}.Release|x64.ActiveCfg = Release|x64
		{5CE276F1-BD0B-4C86-BF0A-3AD42E489F92}.Release|x64.Build.0 = Release|x64
		{5CE276F1-BD0B-4C86-BF0A-3AD42E489F92}.Release|x86.ActiveCfg = Release|Win32
		{5CE276F1-BD0B-4C86-BF0A-3AD42E489F92}.Release|x86.Build.0 = Release|Win32
	EndGlobalSection
	GlobalSection(SolutionProperties) = preSolution
		HideSolutionNode = FALSE
	EndGlobalSection
	GlobalSection(ExtensibilityGlobals) = postSolution
		SolutionGuid = {7B8D7556-CB41-4F74-BB05-B90D587F911B}
	EndGlobalSection
EndGlobal
