
Microsoft Visual Studio Solution File, Format Version 12.00
# Visual Studio Version 17
VisualStudioVersion = 17.8.34309.116
MinimumVisualStudioVersion = 10.0.40219.1
Project("{8BC9CEB8-8B4A-11D0-8D11-00A0C91BC942}") = "oop", "oop.vcxproj", "{144BE19A-BA40-41EA-B82A-08DB8DDE6241}"
EndProject
Global
	GlobalSection(SolutionConfigurationPlatforms) = preSolution
		Debug|x64 = Debug|x64
		Debug|x86 = Debug|x86
		Release|x64 = Release|x64
		Release|x86 = Release|x86
	EndGlobalSection
	GlobalSection(ProjectConfigurationPlatforms) = postSolution
		{144BE19A-BA40-41EA-B82A-08DB8DDE6241}.Debug|x64.ActiveCfg = Debug|x64
		{144BE19A-BA40-41EA-B82A-08DB8DDE6241}.Debug|x64.Build.0 = Debug|x64
		{144BE19A-BA40-41EA-B82A-08DB8DDE6241}.Debug|x86.ActiveCfg = Debug|Win32
		{144BE19A-BA40-41EA-B82A-08DB8DDE6241}.Debug|x86.Build.0 = Debug|Win32
		{144BE19A-BA40-41EA-B82A-08DB8DDE6241}.Release|x64.ActiveCfg = Release|x64
		{144BE19A-BA40-41EA-B82A-08DB8DDE6241}.Release|x64.Build.0 = Release|x64
		{144BE19A-BA40-41EA-B82A-08DB8DDE6241}.Release|x86.ActiveCfg = Release|Win32
		{144BE19A-BA40-41EA-B82A-08DB8DDE6241}.Release|x86.Build.0 = Release|Win32
	EndGlobalSection
	GlobalSection(SolutionProperties) = preSolution
		HideSolutionNode = FALSE
	EndGlobalSection
	GlobalSection(ExtensibilityGlobals) = postSolution
		SolutionGuid = {2B608B7C-1269-4061-B008-AA285871146A}
	EndGlobalSection
EndGlobal
