
Microsoft Visual Studio Solution File, Format Version 12.00
# Visual Studio Version 17
VisualStudioVersion = 17.8.34330.188
MinimumVisualStudioVersion = 10.0.40219.1
Project("{8BC9CEB8-8B4A-11D0-8D11-00A0C91BC942}") = "a743", "a743\a743.vcxproj", "{061EEDAE-5A94-4ABA-AFC2-12121FB5436C}"
EndProject
Global
	GlobalSection(SolutionConfigurationPlatforms) = preSolution
		Debug|x64 = Debug|x64
		Debug|x86 = Debug|x86
		Release|x64 = Release|x64
		Release|x86 = Release|x86
	EndGlobalSection
	GlobalSection(ProjectConfigurationPlatforms) = postSolution
		{061EEDAE-5A94-4ABA-AFC2-12121FB5436C}.Debug|x64.ActiveCfg = Debug|x64
		{061EEDAE-5A94-4ABA-AFC2-12121FB5436C}.Debug|x64.Build.0 = Debug|x64
		{061EEDAE-5A94-4ABA-AFC2-12121FB5436C}.Debug|x86.ActiveCfg = Debug|Win32
		{061EEDAE-5A94-4ABA-AFC2-12121FB5436C}.Debug|x86.Build.0 = Debug|Win32
		{061EEDAE-5A94-4ABA-AFC2-12121FB5436C}.Release|x64.ActiveCfg = Release|x64
		{061EEDAE-5A94-4ABA-AFC2-12121FB5436C}.Release|x64.Build.0 = Release|x64
		{061EEDAE-5A94-4ABA-AFC2-12121FB5436C}.Release|x86.ActiveCfg = Release|Win32
		{061EEDAE-5A94-4ABA-AFC2-12121FB5436C}.Release|x86.Build.0 = Release|Win32
	EndGlobalSection
	GlobalSection(SolutionProperties) = preSolution
		HideSolutionNode = FALSE
	EndGlobalSection
	GlobalSection(ExtensibilityGlobals) = postSolution
		SolutionGuid = {89C631C8-5567-41BF-9D48-F514FECED386}
	EndGlobalSection
EndGlobal
