
Microsoft Visual Studio Solution File, Format Version 12.00
# Visual Studio Version 17
VisualStudioVersion = 17.8.34309.116
MinimumVisualStudioVersion = 10.0.40219.1
Project("{8BC9CEB8-8B4A-11D0-8D11-00A0C91BC942}") = "menu_and_list", "menu_and_list.vcxproj", "{AB4CA5C9-A9C7-4400-98EF-EF480B61E4AC}"
EndProject
Global
	GlobalSection(SolutionConfigurationPlatforms) = preSolution
		Debug|x64 = Debug|x64
		Debug|x86 = Debug|x86
		Release|x64 = Release|x64
		Release|x86 = Release|x86
	EndGlobalSection
	GlobalSection(ProjectConfigurationPlatforms) = postSolution
		{AB4CA5C9-A9C7-4400-98EF-EF480B61E4AC}.Debug|x64.ActiveCfg = Debug|x64
		{AB4CA5C9-A9C7-4400-98EF-EF480B61E4AC}.Debug|x64.Build.0 = Debug|x64
		{AB4CA5C9-A9C7-4400-98EF-EF480B61E4AC}.Debug|x86.ActiveCfg = Debug|Win32
		{AB4CA5C9-A9C7-4400-98EF-EF480B61E4AC}.Debug|x86.Build.0 = Debug|Win32
		{AB4CA5C9-A9C7-4400-98EF-EF480B61E4AC}.Release|x64.ActiveCfg = Release|x64
		{AB4CA5C9-A9C7-4400-98EF-EF480B61E4AC}.Release|x64.Build.0 = Release|x64
		{AB4CA5C9-A9C7-4400-98EF-EF480B61E4AC}.Release|x86.ActiveCfg = Release|Win32
		{AB4CA5C9-A9C7-4400-98EF-EF480B61E4AC}.Release|x86.Build.0 = Release|Win32
	EndGlobalSection
	GlobalSection(SolutionProperties) = preSolution
		HideSolutionNode = FALSE
	EndGlobalSection
	GlobalSection(ExtensibilityGlobals) = postSolution
		SolutionGuid = {6A5B5AA1-F935-4BF6-82F0-49E0D60217E4}
	EndGlobalSection
EndGlobal
