
Microsoft Visual Studio Solution File, Format Version 12.00
# Visual Studio Version 17
VisualStudioVersion = 17.8.34309.116
MinimumVisualStudioVersion = 10.0.40219.1
Project("{8BC9CEB8-8B4A-11D0-8D11-00A0C91BC942}") = "average", "average\average.vcxproj", "{F8C564F0-3135-4D27-8353-8097D0CEB263}"
EndProject
Global
	GlobalSection(SolutionConfigurationPlatforms) = preSolution
		Debug|x64 = Debug|x64
		Debug|x86 = Debug|x86
		Release|x64 = Release|x64
		Release|x86 = Release|x86
	EndGlobalSection
	GlobalSection(ProjectConfigurationPlatforms) = postSolution
		{F8C564F0-3135-4D27-8353-8097D0CEB263}.Debug|x64.ActiveCfg = Debug|x64
		{F8C564F0-3135-4D27-8353-8097D0CEB263}.Debug|x64.Build.0 = Debug|x64
		{F8C564F0-3135-4D27-8353-8097D0CEB263}.Debug|x86.ActiveCfg = Debug|Win32
		{F8C564F0-3135-4D27-8353-8097D0CEB263}.Debug|x86.Build.0 = Debug|Win32
		{F8C564F0-3135-4D27-8353-8097D0CEB263}.Release|x64.ActiveCfg = Release|x64
		{F8C564F0-3135-4D27-8353-8097D0CEB263}.Release|x64.Build.0 = Release|x64
		{F8C564F0-3135-4D27-8353-8097D0CEB263}.Release|x86.ActiveCfg = Release|Win32
		{F8C564F0-3135-4D27-8353-8097D0CEB263}.Release|x86.Build.0 = Release|Win32
	EndGlobalSection
	GlobalSection(SolutionProperties) = preSolution
		HideSolutionNode = FALSE
	EndGlobalSection
	GlobalSection(ExtensibilityGlobals) = postSolution
		SolutionGuid = {33927373-6D8D-4AA6-A700-910ADF8E721C}
	EndGlobalSection
EndGlobal
