
Microsoft Visual Studio Solution File, Format Version 12.00
# Visual Studio Version 17
VisualStudioVersion = 17.8.34309.116
MinimumVisualStudioVersion = 10.0.40219.1
Project("{8BC9CEB8-8B4A-11D0-8D11-00A0C91BC942}") = "e555", "e555.vcxproj", "{6E41683A-0E75-41C8-A63D-A948F1ABB76B}"
EndProject
Global
	GlobalSection(SolutionConfigurationPlatforms) = preSolution
		Debug|x64 = Debug|x64
		Debug|x86 = Debug|x86
		Release|x64 = Release|x64
		Release|x86 = Release|x86
	EndGlobalSection
	GlobalSection(ProjectConfigurationPlatforms) = postSolution
		{6E41683A-0E75-41C8-A63D-A948F1ABB76B}.Debug|x64.ActiveCfg = Debug|x64
		{6E41683A-0E75-41C8-A63D-A948F1ABB76B}.Debug|x64.Build.0 = Debug|x64
		{6E41683A-0E75-41C8-A63D-A948F1ABB76B}.Debug|x86.ActiveCfg = Debug|Win32
		{6E41683A-0E75-41C8-A63D-A948F1ABB76B}.Debug|x86.Build.0 = Debug|Win32
		{6E41683A-0E75-41C8-A63D-A948F1ABB76B}.Release|x64.ActiveCfg = Release|x64
		{6E41683A-0E75-41C8-A63D-A948F1ABB76B}.Release|x64.Build.0 = Release|x64
		{6E41683A-0E75-41C8-A63D-A948F1ABB76B}.Release|x86.ActiveCfg = Release|Win32
		{6E41683A-0E75-41C8-A63D-A948F1ABB76B}.Release|x86.Build.0 = Release|Win32
	EndGlobalSection
	GlobalSection(SolutionProperties) = preSolution
		HideSolutionNode = FALSE
	EndGlobalSection
	GlobalSection(ExtensibilityGlobals) = postSolution
		SolutionGuid = {EBCF8E49-4B4F-4D87-9A94-3B734B10373E}
	EndGlobalSection
EndGlobal
